{
    "name": "@zwerm/botsocket-clients",
    "version": "0.0.0",
    "lockfileVersion": 1,
    "requires": true,
    "dependencies": {
        "@stampit/stamp": {
            "version": "1.0.0",
            "resolved": "git+ssh://git@bitbucket.org/preferizi/stamp.git#f8e197b7f0892b0e35d6bc0dc4e199d28731df4c",
            "optional": true,
            "requires": {
                "axios": "^0.18.0"
            }
        },
        "@types/callsite": {
            "version": "1.0.30",
            "resolved": "https://registry.npmjs.org/@types/callsite/-/callsite-1.0.30.tgz",
            "integrity": "sha1-CFQ0P/whQaSL9UGjr7tnz+B1Yqo=",
            "dev": true
        },
        "@types/node": {
            "version": "8.10.9",
            "resolved": "https://registry.npmjs.org/@types/node/-/node-8.10.9.tgz",
            "integrity": "sha512-GUUTbeDaJSRaoLkqVQ5jwwKbDiLWFX3JrKLvC078q2P51Z9Dcb5F5UdnApSYqdMk4X0VrKod1gzeoX8bGl8DMg==",
            "dev": true
        },
        "axios": {
            "version": "0.18.0",
            "resolved": "https://registry.npmjs.org/axios/-/axios-0.18.0.tgz",
            "integrity": "sha1-MtU+SFHv3AoRmTts0AB4nXDAUQI=",
            "optional": true,
            "requires": {
                "follow-redirects": "^1.3.0",
                "is-buffer": "^1.1.5"
            }
        },
        "callsite": {
            "version": "1.0.0",
            "resolved": "https://registry.npmjs.org/callsite/-/callsite-1.0.0.tgz",
            "integrity": "sha1-KAOY5dZkvXQDi28JBRU+borxvCA="
        },
        "debug": {
            "version": "3.1.0",
            "resolved": "https://registry.npmjs.org/debug/-/debug-3.1.0.tgz",
            "integrity": "sha512-OX8XqP7/1a9cqkxYw2yXss15f26NKWBpDXQd0/uK/KPqdQhxbPa994hnzjcE2VqQpDslf55723cKPUOGSmMY3g==",
            "optional": true,
            "requires": {
                "ms": "2.0.0"
            }
        },
        "follow-redirects": {
            "version": "1.4.1",
            "resolved": "https://registry.npmjs.org/follow-redirects/-/follow-redirects-1.4.1.tgz",
            "integrity": "sha512-uxYePVPogtya1ktGnAAXOacnbIuRMB4dkvqeNz2qTtTQsuzSfbDolV+wMMKxAmCx0bLgAKLbBOkjItMbbkR1vg==",
            "optional": true,
            "requires": {
                "debug": "^3.1.0"
            }
        },
        "is-buffer": {
            "version": "1.1.6",
            "resolved": "https://registry.npmjs.org/is-buffer/-/is-buffer-1.1.6.tgz",
            "integrity": "sha512-NcdALwpXkTm5Zvvbk7owOUSvVvBKDgKP5/ewfXEznmQFfs4ZRmanOeKBTjRVjka3QFoN6XJ+9F3USqfHqTaU5w==",
            "optional": true
        },
        "ms": {
            "version": "2.0.0",
            "resolved": "https://registry.npmjs.org/ms/-/ms-2.0.0.tgz",
            "integrity": "sha1-VgiurfwAvmwpAd9fmGF4jeDVl8g=",
            "optional": true
        }
    }
}
