{
    "name": "@zwerm/composite-bs-client",
    "version": "0.1.1",
    "lockfileVersion": 1,
    "requires": true,
    "dependencies": {
        "@types/callsite": {
            "version": "1.0.30",
            "resolved": "https://registry.npmjs.org/@types/callsite/-/callsite-1.0.30.tgz",
            "integrity": "sha1-CFQ0P/whQaSL9UGjr7tnz+B1Yqo=",
            "dev": true
        },
        "@types/node": {
            "version": "8.10.19",
            "resolved": "https://registry.npmjs.org/@types/node/-/node-8.10.19.tgz",
            "integrity": "sha512-+PU57o6DtOSx0/algmxgCwWrmCiomwC/K+LPfXonT0tQMbNTjHEqVzwL9dFEhFoPmLFIiSWjRorLH6Z0hJMT+Q==",
            "dev": true
        },
        "callsite": {
            "version": "1.0.0",
            "resolved": "https://registry.npmjs.org/callsite/-/callsite-1.0.0.tgz",
            "integrity": "sha1-KAOY5dZkvXQDi28JBRU+borxvCA="
        }
    }
}
