{
    "name": "@zwerm/composite-bs-client",
    "version": "0.8.0",
    "lockfileVersion": 1,
    "requires": true,
    "dependencies": {
        "@types/callsite": {
            "version": "1.0.30",
            "resolved": "https://registry.npmjs.org/@types/callsite/-/callsite-1.0.30.tgz",
            "integrity": "sha1-CFQ0P/whQaSL9UGjr7tnz+B1Yqo=",
            "dev": true
        },
        "@types/debug": {
            "version": "0.0.30",
            "resolved": "https://registry.npmjs.org/@types/debug/-/debug-0.0.30.tgz",
            "integrity": "sha512-orGL5LXERPYsLov6CWs3Fh6203+dXzJkR7OnddIr2514Hsecwc8xRpzCapshBbKFImCsvS/mk6+FWiN5LyZJAQ==",
            "dev": true
        },
        "@types/node": {
            "version": "8.10.19",
            "resolved": "https://registry.npmjs.org/@types/node/-/node-8.10.19.tgz",
            "integrity": "sha512-+PU57o6DtOSx0/algmxgCwWrmCiomwC/K+LPfXonT0tQMbNTjHEqVzwL9dFEhFoPmLFIiSWjRorLH6Z0hJMT+Q==",
            "dev": true
        },
        "callsite": {
            "version": "1.0.0",
            "resolved": "https://registry.npmjs.org/callsite/-/callsite-1.0.0.tgz",
            "integrity": "sha1-KAOY5dZkvXQDi28JBRU+borxvCA="
        },
        "debug": {
            "version": "3.1.0",
            "resolved": "https://registry.npmjs.org/debug/-/debug-3.1.0.tgz",
            "integrity": "sha512-OX8XqP7/1a9cqkxYw2yXss15f26NKWBpDXQd0/uK/KPqdQhxbPa994hnzjcE2VqQpDslf55723cKPUOGSmMY3g==",
            "requires": {
                "ms": "2.0.0"
            }
        },
        "ms": {
            "version": "2.0.0",
            "resolved": "https://registry.npmjs.org/ms/-/ms-2.0.0.tgz",
            "integrity": "sha1-VgiurfwAvmwpAd9fmGF4jeDVl8g="
        }
    }
}
